
Microsoft Visual Studio Solution File, Format Version 12.00
# Visual Studio Version 16
VisualStudioVersion = 16.0.29418.71
MinimumVisualStudioVersion = 10.0.40219.1
Project("{8BC9CEB8-8B4A-11D0-8D11-00A0C91BC942}") = "podzenmGidro02_03_2020", "podzenmGidro02_03_2020\podzenmGidro02_03_2020.vcxproj", "{DA1FF6F0-D58F-4597-8CD5-232D216EF792}"
EndProject
Global
	GlobalSection(SolutionConfigurationPlatforms) = preSolution
		Debug|x64 = Debug|x64
		Debug|x86 = Debug|x86
		Release|x64 = Release|x64
		Release|x86 = Release|x86
	EndGlobalSection
	GlobalSection(ProjectConfigurationPlatforms) = postSolution
		{DA1FF6F0-D58F-4597-8CD5-232D216EF792}.Debug|x64.ActiveCfg = Debug|x64
		{DA1FF6F0-D58F-4597-8CD5-232D216EF792}.Debug|x64.Build.0 = Debug|x64
		{DA1FF6F0-D58F-4597-8CD5-232D216EF792}.Debug|x86.ActiveCfg = Debug|Win32
		{DA1FF6F0-D58F-4597-8CD5-232D216EF792}.Debug|x86.Build.0 = Debug|Win32
		{DA1FF6F0-D58F-4597-8CD5-232D216EF792}.Release|x64.ActiveCfg = Release|x64
		{DA1FF6F0-D58F-4597-8CD5-232D216EF792}.Release|x64.Build.0 = Release|x64
		{DA1FF6F0-D58F-4597-8CD5-232D216EF792}.Release|x86.ActiveCfg = Release|Win32
		{DA1FF6F0-D58F-4597-8CD5-232D216EF792}.Release|x86.Build.0 = Release|Win32
	EndGlobalSection
	GlobalSection(SolutionProperties) = preSolution
		HideSolutionNode = FALSE
	EndGlobalSection
	GlobalSection(ExtensibilityGlobals) = postSolution
		SolutionGuid = {81340DB5-6B2F-4205-B575-66D396C92773}
	EndGlobalSection
EndGlobal
